
Microsoft Visual Studio Solution File, Format Version 12.00
# Visual Studio Version 17
VisualStudioVersion = 17.13.35919.96 d17.13
MinimumVisualStudioVersion = 10.0.40219.1
Project("{8BC9CEB8-8B4A-11D0-8D11-00A0C91BC942}") = "NEWEBICHESKI_KALENDARI", "NEWEBICHESKI_KALENDARI\NEWEBICHESKI_KALENDARI.vcxproj", "{F092A01C-BF4A-4D9D-88EB-84D41C1F05FF}"
EndProject
Global
	GlobalSection(SolutionConfigurationPlatforms) = preSolution
		Debug|x64 = Debug|x64
		Debug|x86 = Debug|x86
		Release|x64 = Release|x64
		Release|x86 = Release|x86
	EndGlobalSection
	GlobalSection(ProjectConfigurationPlatforms) = postSolution
		{F092A01C-BF4A-4D9D-88EB-84D41C1F05FF}.Debug|x64.ActiveCfg = Debug|x64
		{F092A01C-BF4A-4D9D-88EB-84D41C1F05FF}.Debug|x64.Build.0 = Debug|x64
		{F092A01C-BF4A-4D9D-88EB-84D41C1F05FF}.Debug|x86.ActiveCfg = Debug|Win32
		{F092A01C-BF4A-4D9D-88EB-84D41C1F05FF}.Debug|x86.Build.0 = Debug|Win32
		{F092A01C-BF4A-4D9D-88EB-84D41C1F05FF}.Release|x64.ActiveCfg = Release|x64
		{F092A01C-BF4A-4D9D-88EB-84D41C1F05FF}.Release|x64.Build.0 = Release|x64
		{F092A01C-BF4A-4D9D-88EB-84D41C1F05FF}.Release|x86.ActiveCfg = Release|Win32
		{F092A01C-BF4A-4D9D-88EB-84D41C1F05FF}.Release|x86.Build.0 = Release|Win32
	EndGlobalSection
	GlobalSection(SolutionProperties) = preSolution
		HideSolutionNode = FALSE
	EndGlobalSection
	GlobalSection(ExtensibilityGlobals) = postSolution
		SolutionGuid = {301E0B42-A681-47A4-86F1-C4F5BCB826B2}
	EndGlobalSection
EndGlobal
